
Microsoft Visual Studio Solution File, Format Version 12.00
# Visual Studio Version 17
VisualStudioVersion = 17.10.35122.118
MinimumVisualStudioVersion = 10.0.40219.1
Project("{FAE04EC0-301F-11D3-BF4B-00C04F79EFBC}") = "WebAPI", "WebAPI\WebAPI.csproj", "{541E0A07-7B84-45A7-9B73-3D786A90B6EF}"
EndProject
Project("{2150E333-8FDC-42A3-9474-1A3956D46DE8}") = "01-Common", "01-Common", "{CBF9A0BB-26C6-4F78-B1F6-88708D4E658C}"
EndProject
Project("{2150E333-8FDC-42A3-9474-1A3956D46DE8}") = "02-Model", "02-Model", "{AC1A95B3-6B60-4A55-85EE-F438315BA6CC}"
EndProject
Project("{2150E333-8FDC-42A3-9474-1A3956D46DE8}") = "03-DataAccess", "03-DataAccess", "{63391171-A89B-40BF-B8DB-F1C5A2941E4B}"
EndProject
Project("{2150E333-8FDC-42A3-9474-1A3956D46DE8}") = "04-RestClient", "04-RestClient", "{68C4B506-6945-4ED9-9AB9-6CCA06C26DE0}"
EndProject
Project("{2150E333-8FDC-42A3-9474-1A3956D46DE8}") = "05-BusinessLogic", "05-BusinessLogic", "{7216D961-0F20-4821-8CB3-62296BB4D73E}"
EndProject
Project("{2150E333-8FDC-42A3-9474-1A3956D46DE8}") = "06-WebAPI", "06-WebAPI", "{45D040DD-6B26-4B71-80EC-04D70DA93500}"
EndProject
Project("{FAE04EC0-301F-11D3-BF4B-00C04F79EFBC}") = "Common", "Common\Common.csproj", "{130B34FC-0533-496D-877F-4A26076B69DE}"
EndProject
Project("{FAE04EC0-301F-11D3-BF4B-00C04F79EFBC}") = "Model", "Model\Model.csproj", "{E92F9142-623D-463E-BA57-71686C17A52F}"
EndProject
Project("{FAE04EC0-301F-11D3-BF4B-00C04F79EFBC}") = "Data", "Data\Data.csproj", "{83C246D3-3B40-4997-B41F-1FC347A0AD27}"
EndProject
Project("{FAE04EC0-301F-11D3-BF4B-00C04F79EFBC}") = "Rest", "Rest\Rest.csproj", "{BDFEF307-A1A7-4B2C-8B22-3CF3185FF1BB}"
EndProject
Project("{FAE04EC0-301F-11D3-BF4B-00C04F79EFBC}") = "Logic", "Logic\Logic.csproj", "{E9549F19-154C-4E37-9D99-DE46C37EE4E8}"
EndProject
Global
	GlobalSection(SolutionConfigurationPlatforms) = preSolution
		Debug|Any CPU = Debug|Any CPU
		Release|Any CPU = Release|Any CPU
	EndGlobalSection
	GlobalSection(ProjectConfigurationPlatforms) = postSolution
		{541E0A07-7B84-45A7-9B73-3D786A90B6EF}.Debug|Any CPU.ActiveCfg = Debug|Any CPU
		{541E0A07-7B84-45A7-9B73-3D786A90B6EF}.Debug|Any CPU.Build.0 = Debug|Any CPU
		{541E0A07-7B84-45A7-9B73-3D786A90B6EF}.Release|Any CPU.ActiveCfg = Release|Any CPU
		{541E0A07-7B84-45A7-9B73-3D786A90B6EF}.Release|Any CPU.Build.0 = Release|Any CPU
		{130B34FC-0533-496D-877F-4A26076B69DE}.Debug|Any CPU.ActiveCfg = Debug|Any CPU
		{130B34FC-0533-496D-877F-4A26076B69DE}.Debug|Any CPU.Build.0 = Debug|Any CPU
		{130B34FC-0533-496D-877F-4A26076B69DE}.Release|Any CPU.ActiveCfg = Release|Any CPU
		{130B34FC-0533-496D-877F-4A26076B69DE}.Release|Any CPU.Build.0 = Release|Any CPU
		{E92F9142-623D-463E-BA57-71686C17A52F}.Debug|Any CPU.ActiveCfg = Debug|Any CPU
		{E92F9142-623D-463E-BA57-71686C17A52F}.Debug|Any CPU.Build.0 = Debug|Any CPU
		{E92F9142-623D-463E-BA57-71686C17A52F}.Release|Any CPU.ActiveCfg = Release|Any CPU
		{E92F9142-623D-463E-BA57-71686C17A52F}.Release|Any CPU.Build.0 = Release|Any CPU
		{83C246D3-3B40-4997-B41F-1FC347A0AD27}.Debug|Any CPU.ActiveCfg = Debug|Any CPU
		{83C246D3-3B40-4997-B41F-1FC347A0AD27}.Debug|Any CPU.Build.0 = Debug|Any CPU
		{83C246D3-3B40-4997-B41F-1FC347A0AD27}.Release|Any CPU.ActiveCfg = Release|Any CPU
		{83C246D3-3B40-4997-B41F-1FC347A0AD27}.Release|Any CPU.Build.0 = Release|Any CPU
		{BDFEF307-A1A7-4B2C-8B22-3CF3185FF1BB}.Debug|Any CPU.ActiveCfg = Debug|Any CPU
		{BDFEF307-A1A7-4B2C-8B22-3CF3185FF1BB}.Debug|Any CPU.Build.0 = Debug|Any CPU
		{BDFEF307-A1A7-4B2C-8B22-3CF3185FF1BB}.Release|Any CPU.ActiveCfg = Release|Any CPU
		{BDFEF307-A1A7-4B2C-8B22-3CF3185FF1BB}.Release|Any CPU.Build.0 = Release|Any CPU
		{E9549F19-154C-4E37-9D99-DE46C37EE4E8}.Debug|Any CPU.ActiveCfg = Debug|Any CPU
		{E9549F19-154C-4E37-9D99-DE46C37EE4E8}.Debug|Any CPU.Build.0 = Debug|Any CPU
		{E9549F19-154C-4E37-9D99-DE46C37EE4E8}.Release|Any CPU.ActiveCfg = Release|Any CPU
		{E9549F19-154C-4E37-9D99-DE46C37EE4E8}.Release|Any CPU.Build.0 = Release|Any CPU
	EndGlobalSection
	GlobalSection(SolutionProperties) = preSolution
		HideSolutionNode = FALSE
	EndGlobalSection
	GlobalSection(NestedProjects) = preSolution
		{541E0A07-7B84-45A7-9B73-3D786A90B6EF} = {45D040DD-6B26-4B71-80EC-04D70DA93500}
		{130B34FC-0533-496D-877F-4A26076B69DE} = {CBF9A0BB-26C6-4F78-B1F6-88708D4E658C}
		{E92F9142-623D-463E-BA57-71686C17A52F} = {AC1A95B3-6B60-4A55-85EE-F438315BA6CC}
		{83C246D3-3B40-4997-B41F-1FC347A0AD27} = {63391171-A89B-40BF-B8DB-F1C5A2941E4B}
		{BDFEF307-A1A7-4B2C-8B22-3CF3185FF1BB} = {68C4B506-6945-4ED9-9AB9-6CCA06C26DE0}
		{E9549F19-154C-4E37-9D99-DE46C37EE4E8} = {7216D961-0F20-4821-8CB3-62296BB4D73E}
	EndGlobalSection
	GlobalSection(ExtensibilityGlobals) = postSolution
		SolutionGuid = {53A7795E-7461-4F71-BE76-A12DD966EA91}
	EndGlobalSection
EndGlobal
